
Microsoft Visual Studio Solution File, Format Version 12.00
# Visual Studio Version 16
VisualStudioVersion = 16.0.28729.10
MinimumVisualStudioVersion = 10.0.40219.1
Project("{2150E333-8FDC-42A3-9474-1A3956D46DE8}") = "Model", "Model", "{41182C6D-49BF-4860-9A82-3145A7E2D19D}"
EndProject
Project("{FAE04EC0-301F-11D3-BF4B-00C04F79EFBC}") = "Orm.MapContext", "Model\Framework.MapContext\Orm.MapContext.csproj", "{C4A1BA2A-F2EC-49C9-A73B-A7E40E196A4A}"
EndProject
Project("{FAE04EC0-301F-11D3-BF4B-00C04F79EFBC}") = "Orm.Model", "Model\Framework.Model\Orm.Model.csproj", "{A787A629-941C-43C0-B468-807713780E9C}"
EndProject
Project("{FAE04EC0-301F-11D3-BF4B-00C04F79EFBC}") = "Orm.Model.Custom", "Model\Framework.Model.Custom\Orm.Model.Custom.csproj", "{A4D9D3E1-E15D-4CBA-9680-2AC31BCA6DD9}"
EndProject
Project("{FAE04EC0-301F-11D3-BF4B-00C04F79EFBC}") = "Orm.Model.Parameter", "Model\Framework.Model.Parameter\Orm.Model.Parameter.csproj", "{E279036F-A84E-42FA-B900-281DB8922C0E}"
EndProject
Project("{2150E333-8FDC-42A3-9474-1A3956D46DE8}") = "Client", "Client", "{09BF1893-9D79-421C-A998-2C5715F59750}"
EndProject
Project("{2150E333-8FDC-42A3-9474-1A3956D46DE8}") = "Server-Service", "Server-Service", "{D21973E5-BAD6-4D4F-9FC1-6171565FC663}"
EndProject
Project("{2150E333-8FDC-42A3-9474-1A3956D46DE8}") = "Frame", "Frame", "{314D4FF6-28B0-4229-8697-A3BFB9925051}"
EndProject
Project("{2150E333-8FDC-42A3-9474-1A3956D46DE8}") = "Common", "Common", "{AFA113FE-7C19-49C0-BA56-2E6C81C80AAA}"
EndProject
Project("{FAE04EC0-301F-11D3-BF4B-00C04F79EFBC}") = "Orm", "Frame\Orm\Orm.csproj", "{5ECBC1D5-ABA9-4CAC-8712-1ABE11000B90}"
EndProject
Project("{FAE04EC0-301F-11D3-BF4B-00C04F79EFBC}") = "Orm.Config", "Frame\Orm.Config\Orm.Config.csproj", "{921E75CE-5639-4350-8213-89BE0479C3AA}"
EndProject
Project("{FAE04EC0-301F-11D3-BF4B-00C04F79EFBC}") = "Orm.Framework.Services", "Frame\Orm.Framework.Services\Orm.Framework.Services.csproj", "{6F06816B-BEDC-4C4D-BDB3-98BE6A2D937A}"
EndProject
Project("{FAE04EC0-301F-11D3-BF4B-00C04F79EFBC}") = "Orm.Redis", "Frame\Orm.Redis\Orm.Redis.csproj", "{C0E97A62-BD21-4482-8EDD-A015844907DF}"
EndProject
Project("{FAE04EC0-301F-11D3-BF4B-00C04F79EFBC}") = "Orm.Log4Library", "Common\Orm.Log4Library\Orm.Log4Library.csproj", "{39CA059C-FFC5-4D34-97D1-1B3F42085152}"
EndProject
Project("{FAE04EC0-301F-11D3-BF4B-00C04F79EFBC}") = "Orm.Toolkit", "Common\Orm.Toolkit\Orm.Toolkit.csproj", "{D0153A6E-0B11-462B-BD3F-0AAD78CEBB6D}"
EndProject
Project("{FAE04EC0-301F-11D3-BF4B-00C04F79EFBC}") = "Orm.Utilities", "Common\Orm.Utilities\Orm.Utilities.csproj", "{1C4C834A-6D91-4C8D-8BC2-20CAE29BE253}"
EndProject
Project("{2150E333-8FDC-42A3-9474-1A3956D46DE8}") = "Server-IService", "Server-IService", "{C0D7CFF9-A078-4C2C-BF8B-22BCE9121356}"
EndProject
Project("{2150E333-8FDC-42A3-9474-1A3956D46DE8}") = "Proxy", "Proxy", "{857E6EDC-FA9F-44E7-9342-306A9AADAFA8}"
EndProject
Project("{2150E333-8FDC-42A3-9474-1A3956D46DE8}") = "Client-ViewModel", "Client-ViewModel", "{0E27543D-C047-4352-857A-7984FEDD9DD6}"
EndProject
Project("{FAE04EC0-301F-11D3-BF4B-00C04F79EFBC}") = "Orm.Framework.Common", "Frame\Orm.Framework.Common\Orm.Framework.Common.csproj", "{D3216A54-4590-4455-944D-8A6309AF38F7}"
EndProject
Project("{2150E333-8FDC-42A3-9474-1A3956D46DE8}") = "Client-Client", "Client-Client", "{B592689E-038E-44F9-8FB0-9662937F7845}"
EndProject
Project("{2150E333-8FDC-42A3-9474-1A3956D46DE8}") = "Server", "Server", "{6ED77666-4D98-48AA-8C4E-42D9187FC76F}"
EndProject
Project("{FAE04EC0-301F-11D3-BF4B-00C04F79EFBC}") = "Proxy_Orm.IServices.TestSercive", "Proxy\Proxy_Orm.IServices.HisFrameService\Proxy_Orm.IServices.TestSercive.csproj", "{3660D816-B2A2-421C-860F-5A8533461DAA}"
EndProject
Project("{FAE04EC0-301F-11D3-BF4B-00C04F79EFBC}") = "Proxy_Orm.Framework.Services", "Proxy\Proxy_XYHis.Framework.Services\Proxy_Orm.Framework.Services.csproj", "{D97A939E-84AA-4BAE-8AEB-533778A26954}"
EndProject
Project("{FAE04EC0-301F-11D3-BF4B-00C04F79EFBC}") = "Orm.IServices.ITestSercive", "Server\Sercer-IServices\Orm.IServices.HisFrameService\Orm.IServices.ITestSercive.csproj", "{99F0A1FF-DC45-4E21-B9FF-9E7C7F63C2AC}"
EndProject
Project("{FAE04EC0-301F-11D3-BF4B-00C04F79EFBC}") = "Orm.Services.TestSercive", "Server\Sercer-Services\Orm.Services.HisFrameService\Orm.Services.TestSercive.csproj", "{972AC2CF-C638-432F-88F9-5C2912220DF5}"
EndProject
Project("{FAE04EC0-301F-11D3-BF4B-00C04F79EFBC}") = "OrmFrameServiceWeb", "Server\OrmFrameServiceWeb\OrmFrameServiceWeb.csproj", "{36B8B7EC-C1F0-4A6D-85F1-D090065942FE}"
EndProject
Project("{FAE04EC0-301F-11D3-BF4B-00C04F79EFBC}") = "JsonSerializerProxy", "Common\JsonSerializerProxy\JsonSerializerProxy.csproj", "{F4BD21BC-4583-4E0D-97D2-60C5FC82D656}"
EndProject
Project("{FAE04EC0-301F-11D3-BF4B-00C04F79EFBC}") = "Orm.MvvmFrame.Auxiliary", "Common\Orm.MvvmFrame.Auxiliary\Orm.MvvmFrame.Auxiliary.csproj", "{2E1A8706-D5A6-4E2E-9D18-E04B8AA9F862}"
EndProject
Project("{FAE04EC0-301F-11D3-BF4B-00C04F79EFBC}") = "WebApiResponder", "Common\WebApiResponder\WebApiResponder.csproj", "{B7AA909E-15D4-4B5D-8EB9-2864280B0B61}"
EndProject
Project("{FAE04EC0-301F-11D3-BF4B-00C04F79EFBC}") = "WebBridgeContract", "Common\WebBridgeContract\WebBridgeContract.csproj", "{20026D8D-C1E6-4558-B7C0-956A1C1FDB30}"
EndProject
Project("{FAE04EC0-301F-11D3-BF4B-00C04F79EFBC}") = "WebBridgeEndpoint", "Common\WebBridgeEndpoint\WebBridgeEndpoint.csproj", "{70DF7403-48D3-4D6D-B2AA-4306020BB28D}"
EndProject
Project("{FAE04EC0-301F-11D3-BF4B-00C04F79EFBC}") = "OrmFrameClient", "Client\Client-Client\OrmFrameClient\OrmFrameClient.csproj", "{92802CAE-FB59-4817-90C8-E3F3E4007034}"
EndProject
Project("{FAE04EC0-301F-11D3-BF4B-00C04F79EFBC}") = "OrmFrameClientViewModel", "Client\Client-ViewModel\OrmFrameClientViewModel\OrmFrameClientViewModel.csproj", "{E82862F1-8E1B-482A-9020-920E3FD3555C}"
EndProject
Project("{FAE04EC0-301F-11D3-BF4B-00C04F79EFBC}") = "Orm.Client.Common", "Common\Orm.Client.Common\Orm.Client.Common.csproj", "{6E59E743-2F07-4B5F-809B-03A41853327B}"
EndProject
Global
	GlobalSection(SolutionConfigurationPlatforms) = preSolution
		Debug|Any CPU = Debug|Any CPU
		Debug|x86 = Debug|x86
		Release|Any CPU = Release|Any CPU
		Release|x86 = Release|x86
	EndGlobalSection
	GlobalSection(ProjectConfigurationPlatforms) = postSolution
		{C4A1BA2A-F2EC-49C9-A73B-A7E40E196A4A}.Debug|Any CPU.ActiveCfg = Debug|Any CPU
		{C4A1BA2A-F2EC-49C9-A73B-A7E40E196A4A}.Debug|Any CPU.Build.0 = Debug|Any CPU
		{C4A1BA2A-F2EC-49C9-A73B-A7E40E196A4A}.Debug|x86.ActiveCfg = Debug|x86
		{C4A1BA2A-F2EC-49C9-A73B-A7E40E196A4A}.Debug|x86.Build.0 = Debug|x86
		{C4A1BA2A-F2EC-49C9-A73B-A7E40E196A4A}.Release|Any CPU.ActiveCfg = Release|Any CPU
		{C4A1BA2A-F2EC-49C9-A73B-A7E40E196A4A}.Release|Any CPU.Build.0 = Release|Any CPU
		{C4A1BA2A-F2EC-49C9-A73B-A7E40E196A4A}.Release|x86.ActiveCfg = Release|x86
		{C4A1BA2A-F2EC-49C9-A73B-A7E40E196A4A}.Release|x86.Build.0 = Release|x86
		{A787A629-941C-43C0-B468-807713780E9C}.Debug|Any CPU.ActiveCfg = Debug|Any CPU
		{A787A629-941C-43C0-B468-807713780E9C}.Debug|Any CPU.Build.0 = Debug|Any CPU
		{A787A629-941C-43C0-B468-807713780E9C}.Debug|x86.ActiveCfg = Debug|x86
		{A787A629-941C-43C0-B468-807713780E9C}.Debug|x86.Build.0 = Debug|x86
		{A787A629-941C-43C0-B468-807713780E9C}.Release|Any CPU.ActiveCfg = Release|Any CPU
		{A787A629-941C-43C0-B468-807713780E9C}.Release|Any CPU.Build.0 = Release|Any CPU
		{A787A629-941C-43C0-B468-807713780E9C}.Release|x86.ActiveCfg = Release|x86
		{A787A629-941C-43C0-B468-807713780E9C}.Release|x86.Build.0 = Release|x86
		{A4D9D3E1-E15D-4CBA-9680-2AC31BCA6DD9}.Debug|Any CPU.ActiveCfg = Debug|Any CPU
		{A4D9D3E1-E15D-4CBA-9680-2AC31BCA6DD9}.Debug|Any CPU.Build.0 = Debug|Any CPU
		{A4D9D3E1-E15D-4CBA-9680-2AC31BCA6DD9}.Debug|x86.ActiveCfg = Debug|Any CPU
		{A4D9D3E1-E15D-4CBA-9680-2AC31BCA6DD9}.Debug|x86.Build.0 = Debug|Any CPU
		{A4D9D3E1-E15D-4CBA-9680-2AC31BCA6DD9}.Release|Any CPU.ActiveCfg = Release|Any CPU
		{A4D9D3E1-E15D-4CBA-9680-2AC31BCA6DD9}.Release|Any CPU.Build.0 = Release|Any CPU
		{A4D9D3E1-E15D-4CBA-9680-2AC31BCA6DD9}.Release|x86.ActiveCfg = Release|Any CPU
		{A4D9D3E1-E15D-4CBA-9680-2AC31BCA6DD9}.Release|x86.Build.0 = Release|Any CPU
		{E279036F-A84E-42FA-B900-281DB8922C0E}.Debug|Any CPU.ActiveCfg = Debug|Any CPU
		{E279036F-A84E-42FA-B900-281DB8922C0E}.Debug|Any CPU.Build.0 = Debug|Any CPU
		{E279036F-A84E-42FA-B900-281DB8922C0E}.Debug|x86.ActiveCfg = Debug|Any CPU
		{E279036F-A84E-42FA-B900-281DB8922C0E}.Debug|x86.Build.0 = Debug|Any CPU
		{E279036F-A84E-42FA-B900-281DB8922C0E}.Release|Any CPU.ActiveCfg = Release|Any CPU
		{E279036F-A84E-42FA-B900-281DB8922C0E}.Release|Any CPU.Build.0 = Release|Any CPU
		{E279036F-A84E-42FA-B900-281DB8922C0E}.Release|x86.ActiveCfg = Release|Any CPU
		{E279036F-A84E-42FA-B900-281DB8922C0E}.Release|x86.Build.0 = Release|Any CPU
		{5ECBC1D5-ABA9-4CAC-8712-1ABE11000B90}.Debug|Any CPU.ActiveCfg = Debug|Any CPU
		{5ECBC1D5-ABA9-4CAC-8712-1ABE11000B90}.Debug|Any CPU.Build.0 = Debug|Any CPU
		{5ECBC1D5-ABA9-4CAC-8712-1ABE11000B90}.Debug|x86.ActiveCfg = Debug|Any CPU
		{5ECBC1D5-ABA9-4CAC-8712-1ABE11000B90}.Debug|x86.Build.0 = Debug|Any CPU
		{5ECBC1D5-ABA9-4CAC-8712-1ABE11000B90}.Release|Any CPU.ActiveCfg = Release|Any CPU
		{5ECBC1D5-ABA9-4CAC-8712-1ABE11000B90}.Release|Any CPU.Build.0 = Release|Any CPU
		{5ECBC1D5-ABA9-4CAC-8712-1ABE11000B90}.Release|x86.ActiveCfg = Release|Any CPU
		{5ECBC1D5-ABA9-4CAC-8712-1ABE11000B90}.Release|x86.Build.0 = Release|Any CPU
		{921E75CE-5639-4350-8213-89BE0479C3AA}.Debug|Any CPU.ActiveCfg = Debug|Any CPU
		{921E75CE-5639-4350-8213-89BE0479C3AA}.Debug|Any CPU.Build.0 = Debug|Any CPU
		{921E75CE-5639-4350-8213-89BE0479C3AA}.Debug|x86.ActiveCfg = Debug|Any CPU
		{921E75CE-5639-4350-8213-89BE0479C3AA}.Debug|x86.Build.0 = Debug|Any CPU
		{921E75CE-5639-4350-8213-89BE0479C3AA}.Release|Any CPU.ActiveCfg = Release|Any CPU
		{921E75CE-5639-4350-8213-89BE0479C3AA}.Release|Any CPU.Build.0 = Release|Any CPU
		{921E75CE-5639-4350-8213-89BE0479C3AA}.Release|x86.ActiveCfg = Release|Any CPU
		{921E75CE-5639-4350-8213-89BE0479C3AA}.Release|x86.Build.0 = Release|Any CPU
		{6F06816B-BEDC-4C4D-BDB3-98BE6A2D937A}.Debug|Any CPU.ActiveCfg = Debug|Any CPU
		{6F06816B-BEDC-4C4D-BDB3-98BE6A2D937A}.Debug|Any CPU.Build.0 = Debug|Any CPU
		{6F06816B-BEDC-4C4D-BDB3-98BE6A2D937A}.Debug|x86.ActiveCfg = Debug|Any CPU
		{6F06816B-BEDC-4C4D-BDB3-98BE6A2D937A}.Debug|x86.Build.0 = Debug|Any CPU
		{6F06816B-BEDC-4C4D-BDB3-98BE6A2D937A}.Release|Any CPU.ActiveCfg = Release|Any CPU
		{6F06816B-BEDC-4C4D-BDB3-98BE6A2D937A}.Release|Any CPU.Build.0 = Release|Any CPU
		{6F06816B-BEDC-4C4D-BDB3-98BE6A2D937A}.Release|x86.ActiveCfg = Release|Any CPU
		{6F06816B-BEDC-4C4D-BDB3-98BE6A2D937A}.Release|x86.Build.0 = Release|Any CPU
		{C0E97A62-BD21-4482-8EDD-A015844907DF}.Debug|Any CPU.ActiveCfg = Debug|Any CPU
		{C0E97A62-BD21-4482-8EDD-A015844907DF}.Debug|Any CPU.Build.0 = Debug|Any CPU
		{C0E97A62-BD21-4482-8EDD-A015844907DF}.Debug|x86.ActiveCfg = Debug|Any CPU
		{C0E97A62-BD21-4482-8EDD-A015844907DF}.Debug|x86.Build.0 = Debug|Any CPU
		{C0E97A62-BD21-4482-8EDD-A015844907DF}.Release|Any CPU.ActiveCfg = Release|Any CPU
		{C0E97A62-BD21-4482-8EDD-A015844907DF}.Release|Any CPU.Build.0 = Release|Any CPU
		{C0E97A62-BD21-4482-8EDD-A015844907DF}.Release|x86.ActiveCfg = Release|Any CPU
		{C0E97A62-BD21-4482-8EDD-A015844907DF}.Release|x86.Build.0 = Release|Any CPU
		{39CA059C-FFC5-4D34-97D1-1B3F42085152}.Debug|Any CPU.ActiveCfg = Debug|Any CPU
		{39CA059C-FFC5-4D34-97D1-1B3F42085152}.Debug|Any CPU.Build.0 = Debug|Any CPU
		{39CA059C-FFC5-4D34-97D1-1B3F42085152}.Debug|x86.ActiveCfg = Debug|Any CPU
		{39CA059C-FFC5-4D34-97D1-1B3F42085152}.Debug|x86.Build.0 = Debug|Any CPU
		{39CA059C-FFC5-4D34-97D1-1B3F42085152}.Release|Any CPU.ActiveCfg = Release|Any CPU
		{39CA059C-FFC5-4D34-97D1-1B3F42085152}.Release|Any CPU.Build.0 = Release|Any CPU
		{39CA059C-FFC5-4D34-97D1-1B3F42085152}.Release|x86.ActiveCfg = Release|Any CPU
		{39CA059C-FFC5-4D34-97D1-1B3F42085152}.Release|x86.Build.0 = Release|Any CPU
		{D0153A6E-0B11-462B-BD3F-0AAD78CEBB6D}.Debug|Any CPU.ActiveCfg = Debug|Any CPU
		{D0153A6E-0B11-462B-BD3F-0AAD78CEBB6D}.Debug|Any CPU.Build.0 = Debug|Any CPU
		{D0153A6E-0B11-462B-BD3F-0AAD78CEBB6D}.Debug|x86.ActiveCfg = Debug|Any CPU
		{D0153A6E-0B11-462B-BD3F-0AAD78CEBB6D}.Debug|x86.Build.0 = Debug|Any CPU
		{D0153A6E-0B11-462B-BD3F-0AAD78CEBB6D}.Release|Any CPU.ActiveCfg = Release|Any CPU
		{D0153A6E-0B11-462B-BD3F-0AAD78CEBB6D}.Release|Any CPU.Build.0 = Release|Any CPU
		{D0153A6E-0B11-462B-BD3F-0AAD78CEBB6D}.Release|x86.ActiveCfg = Release|Any CPU
		{D0153A6E-0B11-462B-BD3F-0AAD78CEBB6D}.Release|x86.Build.0 = Release|Any CPU
		{1C4C834A-6D91-4C8D-8BC2-20CAE29BE253}.Debug|Any CPU.ActiveCfg = Debug|Any CPU
		{1C4C834A-6D91-4C8D-8BC2-20CAE29BE253}.Debug|Any CPU.Build.0 = Debug|Any CPU
		{1C4C834A-6D91-4C8D-8BC2-20CAE29BE253}.Debug|x86.ActiveCfg = Debug|Any CPU
		{1C4C834A-6D91-4C8D-8BC2-20CAE29BE253}.Debug|x86.Build.0 = Debug|Any CPU
		{1C4C834A-6D91-4C8D-8BC2-20CAE29BE253}.Release|Any CPU.ActiveCfg = Release|Any CPU
		{1C4C834A-6D91-4C8D-8BC2-20CAE29BE253}.Release|Any CPU.Build.0 = Release|Any CPU
		{1C4C834A-6D91-4C8D-8BC2-20CAE29BE253}.Release|x86.ActiveCfg = Release|Any CPU
		{1C4C834A-6D91-4C8D-8BC2-20CAE29BE253}.Release|x86.Build.0 = Release|Any CPU
		{D3216A54-4590-4455-944D-8A6309AF38F7}.Debug|Any CPU.ActiveCfg = Debug|Any CPU
		{D3216A54-4590-4455-944D-8A6309AF38F7}.Debug|Any CPU.Build.0 = Debug|Any CPU
		{D3216A54-4590-4455-944D-8A6309AF38F7}.Debug|x86.ActiveCfg = Debug|Any CPU
		{D3216A54-4590-4455-944D-8A6309AF38F7}.Debug|x86.Build.0 = Debug|Any CPU
		{D3216A54-4590-4455-944D-8A6309AF38F7}.Release|Any CPU.ActiveCfg = Release|Any CPU
		{D3216A54-4590-4455-944D-8A6309AF38F7}.Release|Any CPU.Build.0 = Release|Any CPU
		{D3216A54-4590-4455-944D-8A6309AF38F7}.Release|x86.ActiveCfg = Release|Any CPU
		{D3216A54-4590-4455-944D-8A6309AF38F7}.Release|x86.Build.0 = Release|Any CPU
		{3660D816-B2A2-421C-860F-5A8533461DAA}.Debug|Any CPU.ActiveCfg = Debug|Any CPU
		{3660D816-B2A2-421C-860F-5A8533461DAA}.Debug|Any CPU.Build.0 = Debug|Any CPU
		{3660D816-B2A2-421C-860F-5A8533461DAA}.Debug|x86.ActiveCfg = Debug|Any CPU
		{3660D816-B2A2-421C-860F-5A8533461DAA}.Debug|x86.Build.0 = Debug|Any CPU
		{3660D816-B2A2-421C-860F-5A8533461DAA}.Release|Any CPU.ActiveCfg = Release|Any CPU
		{3660D816-B2A2-421C-860F-5A8533461DAA}.Release|Any CPU.Build.0 = Release|Any CPU
		{3660D816-B2A2-421C-860F-5A8533461DAA}.Release|x86.ActiveCfg = Release|Any CPU
		{3660D816-B2A2-421C-860F-5A8533461DAA}.Release|x86.Build.0 = Release|Any CPU
		{D97A939E-84AA-4BAE-8AEB-533778A26954}.Debug|Any CPU.ActiveCfg = Debug|Any CPU
		{D97A939E-84AA-4BAE-8AEB-533778A26954}.Debug|Any CPU.Build.0 = Debug|Any CPU
		{D97A939E-84AA-4BAE-8AEB-533778A26954}.Debug|x86.ActiveCfg = Debug|Any CPU
		{D97A939E-84AA-4BAE-8AEB-533778A26954}.Debug|x86.Build.0 = Debug|Any CPU
		{D97A939E-84AA-4BAE-8AEB-533778A26954}.Release|Any CPU.ActiveCfg = Release|Any CPU
		{D97A939E-84AA-4BAE-8AEB-533778A26954}.Release|Any CPU.Build.0 = Release|Any CPU
		{D97A939E-84AA-4BAE-8AEB-533778A26954}.Release|x86.ActiveCfg = Release|Any CPU
		{D97A939E-84AA-4BAE-8AEB-533778A26954}.Release|x86.Build.0 = Release|Any CPU
		{99F0A1FF-DC45-4E21-B9FF-9E7C7F63C2AC}.Debug|Any CPU.ActiveCfg = Debug|Any CPU
		{99F0A1FF-DC45-4E21-B9FF-9E7C7F63C2AC}.Debug|Any CPU.Build.0 = Debug|Any CPU
		{99F0A1FF-DC45-4E21-B9FF-9E7C7F63C2AC}.Debug|x86.ActiveCfg = Debug|Any CPU
		{99F0A1FF-DC45-4E21-B9FF-9E7C7F63C2AC}.Debug|x86.Build.0 = Debug|Any CPU
		{99F0A1FF-DC45-4E21-B9FF-9E7C7F63C2AC}.Release|Any CPU.ActiveCfg = Release|Any CPU
		{99F0A1FF-DC45-4E21-B9FF-9E7C7F63C2AC}.Release|Any CPU.Build.0 = Release|Any CPU
		{99F0A1FF-DC45-4E21-B9FF-9E7C7F63C2AC}.Release|x86.ActiveCfg = Release|Any CPU
		{99F0A1FF-DC45-4E21-B9FF-9E7C7F63C2AC}.Release|x86.Build.0 = Release|Any CPU
		{972AC2CF-C638-432F-88F9-5C2912220DF5}.Debug|Any CPU.ActiveCfg = Debug|Any CPU
		{972AC2CF-C638-432F-88F9-5C2912220DF5}.Debug|Any CPU.Build.0 = Debug|Any CPU
		{972AC2CF-C638-432F-88F9-5C2912220DF5}.Debug|x86.ActiveCfg = Debug|Any CPU
		{972AC2CF-C638-432F-88F9-5C2912220DF5}.Debug|x86.Build.0 = Debug|Any CPU
		{972AC2CF-C638-432F-88F9-5C2912220DF5}.Release|Any CPU.ActiveCfg = Release|Any CPU
		{972AC2CF-C638-432F-88F9-5C2912220DF5}.Release|Any CPU.Build.0 = Release|Any CPU
		{972AC2CF-C638-432F-88F9-5C2912220DF5}.Release|x86.ActiveCfg = Release|Any CPU
		{972AC2CF-C638-432F-88F9-5C2912220DF5}.Release|x86.Build.0 = Release|Any CPU
		{36B8B7EC-C1F0-4A6D-85F1-D090065942FE}.Debug|Any CPU.ActiveCfg = Debug|Any CPU
		{36B8B7EC-C1F0-4A6D-85F1-D090065942FE}.Debug|Any CPU.Build.0 = Debug|Any CPU
		{36B8B7EC-C1F0-4A6D-85F1-D090065942FE}.Debug|x86.ActiveCfg = Debug|Any CPU
		{36B8B7EC-C1F0-4A6D-85F1-D090065942FE}.Debug|x86.Build.0 = Debug|Any CPU
		{36B8B7EC-C1F0-4A6D-85F1-D090065942FE}.Release|Any CPU.ActiveCfg = Release|Any CPU
		{36B8B7EC-C1F0-4A6D-85F1-D090065942FE}.Release|Any CPU.Build.0 = Release|Any CPU
		{36B8B7EC-C1F0-4A6D-85F1-D090065942FE}.Release|x86.ActiveCfg = Release|Any CPU
		{36B8B7EC-C1F0-4A6D-85F1-D090065942FE}.Release|x86.Build.0 = Release|Any CPU
		{F4BD21BC-4583-4E0D-97D2-60C5FC82D656}.Debug|Any CPU.ActiveCfg = Debug|Any CPU
		{F4BD21BC-4583-4E0D-97D2-60C5FC82D656}.Debug|Any CPU.Build.0 = Debug|Any CPU
		{F4BD21BC-4583-4E0D-97D2-60C5FC82D656}.Debug|x86.ActiveCfg = Debug|Any CPU
		{F4BD21BC-4583-4E0D-97D2-60C5FC82D656}.Debug|x86.Build.0 = Debug|Any CPU
		{F4BD21BC-4583-4E0D-97D2-60C5FC82D656}.Release|Any CPU.ActiveCfg = Release|Any CPU
		{F4BD21BC-4583-4E0D-97D2-60C5FC82D656}.Release|Any CPU.Build.0 = Release|Any CPU
		{F4BD21BC-4583-4E0D-97D2-60C5FC82D656}.Release|x86.ActiveCfg = Release|Any CPU
		{F4BD21BC-4583-4E0D-97D2-60C5FC82D656}.Release|x86.Build.0 = Release|Any CPU
		{2E1A8706-D5A6-4E2E-9D18-E04B8AA9F862}.Debug|Any CPU.ActiveCfg = Debug|Any CPU
		{2E1A8706-D5A6-4E2E-9D18-E04B8AA9F862}.Debug|Any CPU.Build.0 = Debug|Any CPU
		{2E1A8706-D5A6-4E2E-9D18-E04B8AA9F862}.Debug|x86.ActiveCfg = Debug|Any CPU
		{2E1A8706-D5A6-4E2E-9D18-E04B8AA9F862}.Debug|x86.Build.0 = Debug|Any CPU
		{2E1A8706-D5A6-4E2E-9D18-E04B8AA9F862}.Release|Any CPU.ActiveCfg = Release|Any CPU
		{2E1A8706-D5A6-4E2E-9D18-E04B8AA9F862}.Release|Any CPU.Build.0 = Release|Any CPU
		{2E1A8706-D5A6-4E2E-9D18-E04B8AA9F862}.Release|x86.ActiveCfg = Release|Any CPU
		{2E1A8706-D5A6-4E2E-9D18-E04B8AA9F862}.Release|x86.Build.0 = Release|Any CPU
		{B7AA909E-15D4-4B5D-8EB9-2864280B0B61}.Debug|Any CPU.ActiveCfg = Debug|Any CPU
		{B7AA909E-15D4-4B5D-8EB9-2864280B0B61}.Debug|Any CPU.Build.0 = Debug|Any CPU
		{B7AA909E-15D4-4B5D-8EB9-2864280B0B61}.Debug|x86.ActiveCfg = Debug|Any CPU
		{B7AA909E-15D4-4B5D-8EB9-2864280B0B61}.Debug|x86.Build.0 = Debug|Any CPU
		{B7AA909E-15D4-4B5D-8EB9-2864280B0B61}.Release|Any CPU.ActiveCfg = Release|Any CPU
		{B7AA909E-15D4-4B5D-8EB9-2864280B0B61}.Release|Any CPU.Build.0 = Release|Any CPU
		{B7AA909E-15D4-4B5D-8EB9-2864280B0B61}.Release|x86.ActiveCfg = Release|Any CPU
		{B7AA909E-15D4-4B5D-8EB9-2864280B0B61}.Release|x86.Build.0 = Release|Any CPU
		{20026D8D-C1E6-4558-B7C0-956A1C1FDB30}.Debug|Any CPU.ActiveCfg = Debug|Any CPU
		{20026D8D-C1E6-4558-B7C0-956A1C1FDB30}.Debug|Any CPU.Build.0 = Debug|Any CPU
		{20026D8D-C1E6-4558-B7C0-956A1C1FDB30}.Debug|x86.ActiveCfg = Debug|Any CPU
		{20026D8D-C1E6-4558-B7C0-956A1C1FDB30}.Debug|x86.Build.0 = Debug|Any CPU
		{20026D8D-C1E6-4558-B7C0-956A1C1FDB30}.Release|Any CPU.ActiveCfg = Release|Any CPU
		{20026D8D-C1E6-4558-B7C0-956A1C1FDB30}.Release|Any CPU.Build.0 = Release|Any CPU
		{20026D8D-C1E6-4558-B7C0-956A1C1FDB30}.Release|x86.ActiveCfg = Release|Any CPU
		{20026D8D-C1E6-4558-B7C0-956A1C1FDB30}.Release|x86.Build.0 = Release|Any CPU
		{70DF7403-48D3-4D6D-B2AA-4306020BB28D}.Debug|Any CPU.ActiveCfg = Debug|Any CPU
		{70DF7403-48D3-4D6D-B2AA-4306020BB28D}.Debug|Any CPU.Build.0 = Debug|Any CPU
		{70DF7403-48D3-4D6D-B2AA-4306020BB28D}.Debug|x86.ActiveCfg = Debug|Any CPU
		{70DF7403-48D3-4D6D-B2AA-4306020BB28D}.Debug|x86.Build.0 = Debug|Any CPU
		{70DF7403-48D3-4D6D-B2AA-4306020BB28D}.Release|Any CPU.ActiveCfg = Release|Any CPU
		{70DF7403-48D3-4D6D-B2AA-4306020BB28D}.Release|Any CPU.Build.0 = Release|Any CPU
		{70DF7403-48D3-4D6D-B2AA-4306020BB28D}.Release|x86.ActiveCfg = Release|Any CPU
		{70DF7403-48D3-4D6D-B2AA-4306020BB28D}.Release|x86.Build.0 = Release|Any CPU
		{92802CAE-FB59-4817-90C8-E3F3E4007034}.Debug|Any CPU.ActiveCfg = Debug|Any CPU
		{92802CAE-FB59-4817-90C8-E3F3E4007034}.Debug|Any CPU.Build.0 = Debug|Any CPU
		{92802CAE-FB59-4817-90C8-E3F3E4007034}.Debug|x86.ActiveCfg = Debug|Any CPU
		{92802CAE-FB59-4817-90C8-E3F3E4007034}.Debug|x86.Build.0 = Debug|Any CPU
		{92802CAE-FB59-4817-90C8-E3F3E4007034}.Release|Any CPU.ActiveCfg = Release|Any CPU
		{92802CAE-FB59-4817-90C8-E3F3E4007034}.Release|Any CPU.Build.0 = Release|Any CPU
		{92802CAE-FB59-4817-90C8-E3F3E4007034}.Release|x86.ActiveCfg = Release|Any CPU
		{92802CAE-FB59-4817-90C8-E3F3E4007034}.Release|x86.Build.0 = Release|Any CPU
		{E82862F1-8E1B-482A-9020-920E3FD3555C}.Debug|Any CPU.ActiveCfg = Debug|Any CPU
		{E82862F1-8E1B-482A-9020-920E3FD3555C}.Debug|Any CPU.Build.0 = Debug|Any CPU
		{E82862F1-8E1B-482A-9020-920E3FD3555C}.Debug|x86.ActiveCfg = Debug|Any CPU
		{E82862F1-8E1B-482A-9020-920E3FD3555C}.Debug|x86.Build.0 = Debug|Any CPU
		{E82862F1-8E1B-482A-9020-920E3FD3555C}.Release|Any CPU.ActiveCfg = Release|Any CPU
		{E82862F1-8E1B-482A-9020-920E3FD3555C}.Release|Any CPU.Build.0 = Release|Any CPU
		{E82862F1-8E1B-482A-9020-920E3FD3555C}.Release|x86.ActiveCfg = Release|Any CPU
		{E82862F1-8E1B-482A-9020-920E3FD3555C}.Release|x86.Build.0 = Release|Any CPU
		{6E59E743-2F07-4B5F-809B-03A41853327B}.Debug|Any CPU.ActiveCfg = Debug|Any CPU
		{6E59E743-2F07-4B5F-809B-03A41853327B}.Debug|Any CPU.Build.0 = Debug|Any CPU
		{6E59E743-2F07-4B5F-809B-03A41853327B}.Debug|x86.ActiveCfg = Debug|Any CPU
		{6E59E743-2F07-4B5F-809B-03A41853327B}.Debug|x86.Build.0 = Debug|Any CPU
		{6E59E743-2F07-4B5F-809B-03A41853327B}.Release|Any CPU.ActiveCfg = Release|Any CPU
		{6E59E743-2F07-4B5F-809B-03A41853327B}.Release|Any CPU.Build.0 = Release|Any CPU
		{6E59E743-2F07-4B5F-809B-03A41853327B}.Release|x86.ActiveCfg = Release|Any CPU
		{6E59E743-2F07-4B5F-809B-03A41853327B}.Release|x86.Build.0 = Release|Any CPU
	EndGlobalSection
	GlobalSection(SolutionProperties) = preSolution
		HideSolutionNode = FALSE
	EndGlobalSection
	GlobalSection(NestedProjects) = preSolution
		{C4A1BA2A-F2EC-49C9-A73B-A7E40E196A4A} = {41182C6D-49BF-4860-9A82-3145A7E2D19D}
		{A787A629-941C-43C0-B468-807713780E9C} = {41182C6D-49BF-4860-9A82-3145A7E2D19D}
		{A4D9D3E1-E15D-4CBA-9680-2AC31BCA6DD9} = {41182C6D-49BF-4860-9A82-3145A7E2D19D}
		{E279036F-A84E-42FA-B900-281DB8922C0E} = {41182C6D-49BF-4860-9A82-3145A7E2D19D}
		{D21973E5-BAD6-4D4F-9FC1-6171565FC663} = {6ED77666-4D98-48AA-8C4E-42D9187FC76F}
		{5ECBC1D5-ABA9-4CAC-8712-1ABE11000B90} = {314D4FF6-28B0-4229-8697-A3BFB9925051}
		{921E75CE-5639-4350-8213-89BE0479C3AA} = {314D4FF6-28B0-4229-8697-A3BFB9925051}
		{6F06816B-BEDC-4C4D-BDB3-98BE6A2D937A} = {314D4FF6-28B0-4229-8697-A3BFB9925051}
		{C0E97A62-BD21-4482-8EDD-A015844907DF} = {314D4FF6-28B0-4229-8697-A3BFB9925051}
		{39CA059C-FFC5-4D34-97D1-1B3F42085152} = {AFA113FE-7C19-49C0-BA56-2E6C81C80AAA}
		{D0153A6E-0B11-462B-BD3F-0AAD78CEBB6D} = {AFA113FE-7C19-49C0-BA56-2E6C81C80AAA}
		{1C4C834A-6D91-4C8D-8BC2-20CAE29BE253} = {AFA113FE-7C19-49C0-BA56-2E6C81C80AAA}
		{C0D7CFF9-A078-4C2C-BF8B-22BCE9121356} = {6ED77666-4D98-48AA-8C4E-42D9187FC76F}
		{0E27543D-C047-4352-857A-7984FEDD9DD6} = {09BF1893-9D79-421C-A998-2C5715F59750}
		{D3216A54-4590-4455-944D-8A6309AF38F7} = {314D4FF6-28B0-4229-8697-A3BFB9925051}
		{B592689E-038E-44F9-8FB0-9662937F7845} = {09BF1893-9D79-421C-A998-2C5715F59750}
		{3660D816-B2A2-421C-860F-5A8533461DAA} = {857E6EDC-FA9F-44E7-9342-306A9AADAFA8}
		{D97A939E-84AA-4BAE-8AEB-533778A26954} = {857E6EDC-FA9F-44E7-9342-306A9AADAFA8}
		{99F0A1FF-DC45-4E21-B9FF-9E7C7F63C2AC} = {C0D7CFF9-A078-4C2C-BF8B-22BCE9121356}
		{972AC2CF-C638-432F-88F9-5C2912220DF5} = {D21973E5-BAD6-4D4F-9FC1-6171565FC663}
		{36B8B7EC-C1F0-4A6D-85F1-D090065942FE} = {6ED77666-4D98-48AA-8C4E-42D9187FC76F}
		{F4BD21BC-4583-4E0D-97D2-60C5FC82D656} = {AFA113FE-7C19-49C0-BA56-2E6C81C80AAA}
		{2E1A8706-D5A6-4E2E-9D18-E04B8AA9F862} = {AFA113FE-7C19-49C0-BA56-2E6C81C80AAA}
		{B7AA909E-15D4-4B5D-8EB9-2864280B0B61} = {AFA113FE-7C19-49C0-BA56-2E6C81C80AAA}
		{20026D8D-C1E6-4558-B7C0-956A1C1FDB30} = {AFA113FE-7C19-49C0-BA56-2E6C81C80AAA}
		{70DF7403-48D3-4D6D-B2AA-4306020BB28D} = {AFA113FE-7C19-49C0-BA56-2E6C81C80AAA}
		{92802CAE-FB59-4817-90C8-E3F3E4007034} = {B592689E-038E-44F9-8FB0-9662937F7845}
		{E82862F1-8E1B-482A-9020-920E3FD3555C} = {0E27543D-C047-4352-857A-7984FEDD9DD6}
		{6E59E743-2F07-4B5F-809B-03A41853327B} = {AFA113FE-7C19-49C0-BA56-2E6C81C80AAA}
	EndGlobalSection
	GlobalSection(ExtensibilityGlobals) = postSolution
		SolutionGuid = {4102B7E4-5904-4DA8-9596-5C5480A446CE}
	EndGlobalSection
EndGlobal
